<Solution>
  <Folder Name="/doc/" />
  <Folder Name="/src/">
    <Project Path="src/Slicent/Slicent.csproj" />
    <Project Path="src/Tooyioo.Api/Tooyioo.Api.csproj" />
    <Project Path="src/Tooyioo.AppHost/Tooyioo.AppHost.csproj" />
    <Project Path="src/Tooyioo.Common/Tooyioo.Common.csproj" />
  </Folder>
  <Folder Name="/src/user-onboarding/">
    <Project Path="src/user-onboarding/Tooyioo.UserOnboarding.Contracts/Tooyioo.UserOnboarding.Contracts.csproj" />
    <Project Path="src/user-onboarding/Tooyioo.UserOnboarding/Tooyioo.UserOnboarding.csproj" />
  </Folder>
  <Folder Name="/src/user/">
    <Project Path="src/user/Tooyioo.User/Tooyioo.User.csproj" />
  </Folder>
  <Folder Name="/test/">
    <Project Path="test/Slicent.Tests/Slicent.Tests.csproj" />
    <Project Path="test/Tooyioo.Tests/Tooyioo.Tests.csproj" />
  </Folder>
</Solution>
