<Solution>
  <Folder Name="/doc/" />
  <Folder Name="/src/">
    <Project Path="src/Tooiyoo.Api/Tooiyoo.Api.csproj" />
    <Project Path="src/Tooiyoo.AppHost/Tooiyoo.AppHost.csproj" />
    <Project Path="src/Tooiyoo.Common/Tooiyoo.Common.csproj" />
  </Folder>
  <Folder Name="/src/profile/">
    <Project Path="src/profile/Tooyioo.Profile.Contracts/Tooyioo.Profile.Contracts.csproj" />
    <Project Path="src/profile/Tooyioo.Profile/Tooyioo.Profile.csproj" />
  </Folder>
  <Folder Name="/src/slicent/">
    <Project Path="src/slicent/Slicent/Slicent.csproj" />
  </Folder>
  <Folder Name="/test/">
    <Project Path="test/Slicent.Tests/Slicent.Tests.csproj" />
  </Folder>
</Solution>